// !$*UTF8*$!
{
	archiveVersion = 1;
	classes = {
	};
	objectVersion = 46;
	objects = {

/* Begin PBXBuildFile section */
		A24CA5C019A51606006C52B7 /* Foundation.framework in Frameworks */ = {isa = PBXBuildFile; fileRef = A24CA5BF19A51606006C52B7 /* Foundation.framework */; };
		A24CA5C219A51606006C52B7 /* CoreGraphics.framework in Frameworks */ = {isa = PBXBuildFile; fileRef = A24CA5C119A51606006C52B7 /* CoreGraphics.framework */; };
		A24CA5C419A51606006C52B7 /* UIKit.framework in Frameworks */ = {isa = PBXBuildFile; fileRef = A24CA5C319A51606006C52B7 /* UIKit.framework */; };
		A24CA5CA19A51606006C52B7 /* InfoPlist.strings in Resources */ = {isa = PBXBuildFile; fileRef = A24CA5C819A51606006C52B7 /* InfoPlist.strings */; };
		A24CA5CC19A51606006C52B7 /* main.m in Sources */ = {isa = PBXBuildFile; fileRef = A24CA5CB19A51606006C52B7 /* main.m */; };
		A24CA5D019A51606006C52B7 /* AppDelegate.m in Sources */ = {isa = PBXBuildFile; fileRef = A24CA5CF19A51606006C52B7 /* AppDelegate.m */; };
		A24CA5D219A51606006C52B7 /* Images.xcassets in Resources */ = {isa = PBXBuildFile; fileRef = A24CA5D119A51606006C52B7 /* Images.xcassets */; };
		A24CA5D919A51606006C52B7 /* XCTest.framework in Frameworks */ = {isa = PBXBuildFile; fileRef = A24CA5D819A51606006C52B7 /* XCTest.framework */; };
		A24CA5DA19A51606006C52B7 /* Foundation.framework in Frameworks */ = {isa = PBXBuildFile; fileRef = A24CA5BF19A51606006C52B7 /* Foundation.framework */; };
		A24CA5DB19A51606006C52B7 /* UIKit.framework in Frameworks */ = {isa = PBXBuildFile; fileRef = A24CA5C319A51606006C52B7 /* UIKit.framework */; };
		A24CA5E319A51606006C52B7 /* InfoPlist.strings in Resources */ = {isa = PBXBuildFile; fileRef = A24CA5E119A51606006C52B7 /* InfoPlist.strings */; };
		A24CA5E519A51606006C52B7 /* RSSFeediTunesTests.m in Sources */ = {isa = PBXBuildFile; fileRef = A24CA5E419A51606006C52B7 /* RSSFeediTunesTests.m */; };
		A261146B19B90A7E00A7EDFD /* FeedItem.m in Sources */ = {isa = PBXBuildFile; fileRef = A261146A19B90A7E00A7EDFD /* FeedItem.m */; };
		A2B1344519B91A7A006F64DA /* blanksquare.jpg in Resources */ = {isa = PBXBuildFile; fileRef = A2B1344419B91A7A006F64DA /* blanksquare.jpg */; };
		A2DADE6319A913FD0023AAE7 /* AFHTTPRequestOperation.m in Sources */ = {isa = PBXBuildFile; fileRef = A2DADE3E19A913FD0023AAE7 /* AFHTTPRequestOperation.m */; };
		A2DADE6419A913FD0023AAE7 /* AFHTTPRequestOperationManager.m in Sources */ = {isa = PBXBuildFile; fileRef = A2DADE4019A913FD0023AAE7 /* AFHTTPRequestOperationManager.m */; };
		A2DADE6519A913FD0023AAE7 /* AFHTTPSessionManager.m in Sources */ = {isa = PBXBuildFile; fileRef = A2DADE4219A913FD0023AAE7 /* AFHTTPSessionManager.m */; };
		A2DADE6619A913FD0023AAE7 /* AFNetworking.podspec in Resources */ = {isa = PBXBuildFile; fileRef = A2DADE4419A913FD0023AAE7 /* AFNetworking.podspec */; };
		A2DADE6719A913FD0023AAE7 /* AFNetworkReachabilityManager.m in Sources */ = {isa = PBXBuildFile; fileRef = A2DADE4619A913FD0023AAE7 /* AFNetworkReachabilityManager.m */; };
		A2DADE6819A913FD0023AAE7 /* AFSecurityPolicy.m in Sources */ = {isa = PBXBuildFile; fileRef = A2DADE4819A913FD0023AAE7 /* AFSecurityPolicy.m */; };
		A2DADE6919A913FD0023AAE7 /* AFURLConnectionOperation.m in Sources */ = {isa = PBXBuildFile; fileRef = A2DADE4A19A913FD0023AAE7 /* AFURLConnectionOperation.m */; };
		A2DADE6A19A913FD0023AAE7 /* AFURLRequestSerialization.m in Sources */ = {isa = PBXBuildFile; fileRef = A2DADE4C19A913FD0023AAE7 /* AFURLRequestSerialization.m */; };
		A2DADE6B19A913FD0023AAE7 /* AFURLResponseSerialization.m in Sources */ = {isa = PBXBuildFile; fileRef = A2DADE4E19A913FD0023AAE7 /* AFURLResponseSerialization.m */; };
		A2DADE6C19A913FD0023AAE7 /* AFURLSessionManager.m in Sources */ = {isa = PBXBuildFile; fileRef = A2DADE5019A913FD0023AAE7 /* AFURLSessionManager.m */; };
		A2DADE6D19A913FD0023AAE7 /* AFNetworkActivityIndicatorManager.m in Sources */ = {isa = PBXBuildFile; fileRef = A2DADE5319A913FD0023AAE7 /* AFNetworkActivityIndicatorManager.m */; };
		A2DADE6E19A913FD0023AAE7 /* UIActivityIndicatorView+AFNetworking.m in Sources */ = {isa = PBXBuildFile; fileRef = A2DADE5519A913FD0023AAE7 /* UIActivityIndicatorView+AFNetworking.m */; };
		A2DADE6F19A913FD0023AAE7 /* UIAlertView+AFNetworking.m in Sources */ = {isa = PBXBuildFile; fileRef = A2DADE5719A913FD0023AAE7 /* UIAlertView+AFNetworking.m */; };
		A2DADE7019A913FD0023AAE7 /* UIButton+AFNetworking.m in Sources */ = {isa = PBXBuildFile; fileRef = A2DADE5919A913FD0023AAE7 /* UIButton+AFNetworking.m */; };
		A2DADE7119A913FD0023AAE7 /* UIImageView+AFNetworking.m in Sources */ = {isa = PBXBuildFile; fileRef = A2DADE5B19A913FD0023AAE7 /* UIImageView+AFNetworking.m */; };
		A2DADE7219A913FD0023AAE7 /* UIProgressView+AFNetworking.m in Sources */ = {isa = PBXBuildFile; fileRef = A2DADE5E19A913FD0023AAE7 /* UIProgressView+AFNetworking.m */; };
		A2DADE7319A913FD0023AAE7 /* UIRefreshControl+AFNetworking.m in Sources */ = {isa = PBXBuildFile; fileRef = A2DADE6019A913FD0023AAE7 /* UIRefreshControl+AFNetworking.m */; };
		A2DADE7419A913FD0023AAE7 /* UIWebView+AFNetworking.m in Sources */ = {isa = PBXBuildFile; fileRef = A2DADE6219A913FD0023AAE7 /* UIWebView+AFNetworking.m */; };
		A2DADE7819A929180023AAE7 /* iTunesTableViewController.m in Sources */ = {isa = PBXBuildFile; fileRef = A2DADE7619A929180023AAE7 /* iTunesTableViewController.m */; };
		A2DADE7919A929180023AAE7 /* iTunesTableViewController.xib in Resources */ = {isa = PBXBuildFile; fileRef = A2DADE7719A929180023AAE7 /* iTunesTableViewController.xib */; };
/* End PBXBuildFile section */

/* Begin PBXContainerItemProxy section */
		A24CA5DC19A51606006C52B7 /* PBXContainerItemProxy */ = {
			isa = PBXContainerItemProxy;
			containerPortal = A24CA5B419A51606006C52B7 /* Project object */;
			proxyType = 1;
			remoteGlobalIDString = A24CA5BB19A51606006C52B7;
			remoteInfo = RSSFeediTunes;
		};
/* End PBXContainerItemProxy section */

/* Begin PBXFileReference section */
		A24CA5BC19A51606006C52B7 /* RSSFeediTunes.app */ = {isa = PBXFileReference; explicitFileType = wrapper.application; includeInIndex = 0; path = RSSFeediTunes.app; sourceTree = BUILT_PRODUCTS_DIR; };
		A24CA5BF19A51606006C52B7 /* Foundation.framework */ = {isa = PBXFileReference; lastKnownFileType = wrapper.framework; name = Foundation.framework; path = System/Library/Frameworks/Foundation.framework; sourceTree = SDKROOT; };
		A24CA5C119A51606006C52B7 /* CoreGraphics.framework */ = {isa = PBXFileReference; lastKnownFileType = wrapper.framework; name = CoreGraphics.framework; path = System/Library/Frameworks/CoreGraphics.framework; sourceTree = SDKROOT; };
		A24CA5C319A51606006C52B7 /* UIKit.framework */ = {isa = PBXFileReference; lastKnownFileType = wrapper.framework; name = UIKit.framework; path = System/Library/Frameworks/UIKit.framework; sourceTree = SDKROOT; };
		A24CA5C719A51606006C52B7 /* RSSFeediTunes-Info.plist */ = {isa = PBXFileReference; lastKnownFileType = text.plist.xml; path = "RSSFeediTunes-Info.plist"; sourceTree = "<group>"; };
		A24CA5C919A51606006C52B7 /* en */ = {isa = PBXFileReference; lastKnownFileType = text.plist.strings; name = en; path = en.lproj/InfoPlist.strings; sourceTree = "<group>"; };
		A24CA5CB19A51606006C52B7 /* main.m */ = {isa = PBXFileReference; lastKnownFileType = sourcecode.c.objc; path = main.m; sourceTree = "<group>"; };
		A24CA5CD19A51606006C52B7 /* RSSFeediTunes-Prefix.pch */ = {isa = PBXFileReference; lastKnownFileType = sourcecode.c.h; path = "RSSFeediTunes-Prefix.pch"; sourceTree = "<group>"; };
		A24CA5CE19A51606006C52B7 /* AppDelegate.h */ = {isa = PBXFileReference; lastKnownFileType = sourcecode.c.h; path = AppDelegate.h; sourceTree = "<group>"; };
		A24CA5CF19A51606006C52B7 /* AppDelegate.m */ = {isa = PBXFileReference; lastKnownFileType = sourcecode.c.objc; path = AppDelegate.m; sourceTree = "<group>"; };
		A24CA5D119A51606006C52B7 /* Images.xcassets */ = {isa = PBXFileReference; lastKnownFileType = folder.assetcatalog; path = Images.xcassets; sourceTree = "<group>"; };
		A24CA5D719A51606006C52B7 /* RSSFeediTunesTests.xctest */ = {isa = PBXFileReference; explicitFileType = wrapper.cfbundle; includeInIndex = 0; path = RSSFeediTunesTests.xctest; sourceTree = BUILT_PRODUCTS_DIR; };
		A24CA5D819A51606006C52B7 /* XCTest.framework */ = {isa = PBXFileReference; lastKnownFileType = wrapper.framework; name = XCTest.framework; path = Library/Frameworks/XCTest.framework; sourceTree = DEVELOPER_DIR; };
		A24CA5E019A51606006C52B7 /* RSSFeediTunesTests-Info.plist */ = {isa = PBXFileReference; lastKnownFileType = text.plist.xml; path = "RSSFeediTunesTests-Info.plist"; sourceTree = "<group>"; };
		A24CA5E219A51606006C52B7 /* en */ = {isa = PBXFileReference; lastKnownFileType = text.plist.strings; name = en; path = en.lproj/InfoPlist.strings; sourceTree = "<group>"; };
		A24CA5E419A51606006C52B7 /* RSSFeediTunesTests.m */ = {isa = PBXFileReference; lastKnownFileType = sourcecode.c.objc; path = RSSFeediTunesTests.m; sourceTree = "<group>"; };
		A261146919B90A7E00A7EDFD /* FeedItem.h */ = {isa = PBXFileReference; fileEncoding = 4; lastKnownFileType = sourcecode.c.h; path = FeedItem.h; sourceTree = "<group>"; };
		A261146A19B90A7E00A7EDFD /* FeedItem.m */ = {isa = PBXFileReference; fileEncoding = 4; lastKnownFileType = sourcecode.c.objc; path = FeedItem.m; sourceTree = "<group>"; };
		A2B1344419B91A7A006F64DA /* blanksquare.jpg */ = {isa = PBXFileReference; lastKnownFileType = image.jpeg; path = blanksquare.jpg; sourceTree = "<group>"; };
		A2DADE3D19A913FD0023AAE7 /* AFHTTPRequestOperation.h */ = {isa = PBXFileReference; fileEncoding = 4; lastKnownFileType = sourcecode.c.h; path = AFHTTPRequestOperation.h; sourceTree = "<group>"; };
		A2DADE3E19A913FD0023AAE7 /* AFHTTPRequestOperation.m */ = {isa = PBXFileReference; fileEncoding = 4; lastKnownFileType = sourcecode.c.objc; path = AFHTTPRequestOperation.m; sourceTree = "<group>"; };
		A2DADE3F19A913FD0023AAE7 /* AFHTTPRequestOperationManager.h */ = {isa = PBXFileReference; fileEncoding = 4; lastKnownFileType = sourcecode.c.h; path = AFHTTPRequestOperationManager.h; sourceTree = "<group>"; };
		A2DADE4019A913FD0023AAE7 /* AFHTTPRequestOperationManager.m */ = {isa = PBXFileReference; fileEncoding = 4; lastKnownFileType = sourcecode.c.objc; path = AFHTTPRequestOperationManager.m; sourceTree = "<group>"; };
		A2DADE4119A913FD0023AAE7 /* AFHTTPSessionManager.h */ = {isa = PBXFileReference; fileEncoding = 4; lastKnownFileType = sourcecode.c.h; path = AFHTTPSessionManager.h; sourceTree = "<group>"; };
		A2DADE4219A913FD0023AAE7 /* AFHTTPSessionManager.m */ = {isa = PBXFileReference; fileEncoding = 4; lastKnownFileType = sourcecode.c.objc; path = AFHTTPSessionManager.m; sourceTree = "<group>"; };
		A2DADE4319A913FD0023AAE7 /* AFNetworking.h */ = {isa = PBXFileReference; fileEncoding = 4; lastKnownFileType = sourcecode.c.h; path = AFNetworking.h; sourceTree = "<group>"; };
		A2DADE4419A913FD0023AAE7 /* AFNetworking.podspec */ = {isa = PBXFileReference; fileEncoding = 4; lastKnownFileType = text; path = AFNetworking.podspec; sourceTree = "<group>"; };
		A2DADE4519A913FD0023AAE7 /* AFNetworkReachabilityManager.h */ = {isa = PBXFileReference; fileEncoding = 4; lastKnownFileType = sourcecode.c.h; path = AFNetworkReachabilityManager.h; sourceTree = "<group>"; };
		A2DADE4619A913FD0023AAE7 /* AFNetworkReachabilityManager.m */ = {isa = PBXFileReference; fileEncoding = 4; lastKnownFileType = sourcecode.c.objc; path = AFNetworkReachabilityManager.m; sourceTree = "<group>"; };
		A2DADE4719A913FD0023AAE7 /* AFSecurityPolicy.h */ = {isa = PBXFileReference; fileEncoding = 4; lastKnownFileType = sourcecode.c.h; path = AFSecurityPolicy.h; sourceTree = "<group>"; };
		A2DADE4819A913FD0023AAE7 /* AFSecurityPolicy.m */ = {isa = PBXFileReference; fileEncoding = 4; lastKnownFileType = sourcecode.c.objc; path = AFSecurityPolicy.m; sourceTree = "<group>"; };
		A2DADE4919A913FD0023AAE7 /* AFURLConnectionOperation.h */ = {isa = PBXFileReference; fileEncoding = 4; lastKnownFileType = sourcecode.c.h; path = AFURLConnectionOperation.h; sourceTree = "<group>"; };
		A2DADE4A19A913FD0023AAE7 /* AFURLConnectionOperation.m */ = {isa = PBXFileReference; fileEncoding = 4; lastKnownFileType = sourcecode.c.objc; path = AFURLConnectionOperation.m; sourceTree = "<group>"; };
		A2DADE4B19A913FD0023AAE7 /* AFURLRequestSerialization.h */ = {isa = PBXFileReference; fileEncoding = 4; lastKnownFileType = sourcecode.c.h; path = AFURLRequestSerialization.h; sourceTree = "<group>"; };
		A2DADE4C19A913FD0023AAE7 /* AFURLRequestSerialization.m */ = {isa = PBXFileReference; fileEncoding = 4; lastKnownFileType = sourcecode.c.objc; path = AFURLRequestSerialization.m; sourceTree = "<group>"; };
		A2DADE4D19A913FD0023AAE7 /* AFURLResponseSerialization.h */ = {isa = PBXFileReference; fileEncoding = 4; lastKnownFileType = sourcecode.c.h; path = AFURLResponseSerialization.h; sourceTree = "<group>"; };
		A2DADE4E19A913FD0023AAE7 /* AFURLResponseSerialization.m */ = {isa = PBXFileReference; fileEncoding = 4; lastKnownFileType = sourcecode.c.objc; path = AFURLResponseSerialization.m; sourceTree = "<group>"; };
		A2DADE4F19A913FD0023AAE7 /* AFURLSessionManager.h */ = {isa = PBXFileReference; fileEncoding = 4; lastKnownFileType = sourcecode.c.h; path = AFURLSessionManager.h; sourceTree = "<group>"; };
		A2DADE5019A913FD0023AAE7 /* AFURLSessionManager.m */ = {isa = PBXFileReference; fileEncoding = 4; lastKnownFileType = sourcecode.c.objc; path = AFURLSessionManager.m; sourceTree = "<group>"; };
		A2DADE5219A913FD0023AAE7 /* AFNetworkActivityIndicatorManager.h */ = {isa = PBXFileReference; fileEncoding = 4; lastKnownFileType = sourcecode.c.h; path = AFNetworkActivityIndicatorManager.h; sourceTree = "<group>"; };
		A2DADE5319A913FD0023AAE7 /* AFNetworkActivityIndicatorManager.m */ = {isa = PBXFileReference; fileEncoding = 4; lastKnownFileType = sourcecode.c.objc; path = AFNetworkActivityIndicatorManager.m; sourceTree = "<group>"; };
		A2DADE5419A913FD0023AAE7 /* UIActivityIndicatorView+AFNetworking.h */ = {isa = PBXFileReference; fileEncoding = 4; lastKnownFileType = sourcecode.c.h; path = "UIActivityIndicatorView+AFNetworking.h"; sourceTree = "<group>"; };
		A2DADE5519A913FD0023AAE7 /* UIActivityIndicatorView+AFNetworking.m */ = {isa = PBXFileReference; fileEncoding = 4; lastKnownFileType = sourcecode.c.objc; path = "UIActivityIndicatorView+AFNetworking.m"; sourceTree = "<group>"; };
		A2DADE5619A913FD0023AAE7 /* UIAlertView+AFNetworking.h */ = {isa = PBXFileReference; fileEncoding = 4; lastKnownFileType = sourcecode.c.h; path = "UIAlertView+AFNetworking.h"; sourceTree = "<group>"; };
		A2DADE5719A913FD0023AAE7 /* UIAlertView+AFNetworking.m */ = {isa = PBXFileReference; fileEncoding = 4; lastKnownFileType = sourcecode.c.objc; path = "UIAlertView+AFNetworking.m"; sourceTree = "<group>"; };
		A2DADE5819A913FD0023AAE7 /* UIButton+AFNetworking.h */ = {isa = PBXFileReference; fileEncoding = 4; lastKnownFileType = sourcecode.c.h; path = "UIButton+AFNetworking.h"; sourceTree = "<group>"; };
		A2DADE5919A913FD0023AAE7 /* UIButton+AFNetworking.m */ = {isa = PBXFileReference; fileEncoding = 4; lastKnownFileType = sourcecode.c.objc; path = "UIButton+AFNetworking.m"; sourceTree = "<group>"; };
		A2DADE5A19A913FD0023AAE7 /* UIImageView+AFNetworking.h */ = {isa = PBXFileReference; fileEncoding = 4; lastKnownFileType = sourcecode.c.h; path = "UIImageView+AFNetworking.h"; sourceTree = "<group>"; };
		A2DADE5B19A913FD0023AAE7 /* UIImageView+AFNetworking.m */ = {isa = PBXFileReference; fileEncoding = 4; lastKnownFileType = sourcecode.c.objc; path = "UIImageView+AFNetworking.m"; sourceTree = "<group>"; };
		A2DADE5C19A913FD0023AAE7 /* UIKit+AFNetworking.h */ = {isa = PBXFileReference; fileEncoding = 4; lastKnownFileType = sourcecode.c.h; path = "UIKit+AFNetworking.h"; sourceTree = "<group>"; };
		A2DADE5D19A913FD0023AAE7 /* UIProgressView+AFNetworking.h */ = {isa = PBXFileReference; fileEncoding = 4; lastKnownFileType = sourcecode.c.h; path = "UIProgressView+AFNetworking.h"; sourceTree = "<group>"; };
		A2DADE5E19A913FD0023AAE7 /* UIProgressView+AFNetworking.m */ = {isa = PBXFileReference; fileEncoding = 4; lastKnownFileType = sourcecode.c.objc; path = "UIProgressView+AFNetworking.m"; sourceTree = "<group>"; };
		A2DADE5F19A913FD0023AAE7 /* UIRefreshControl+AFNetworking.h */ = {isa = PBXFileReference; fileEncoding = 4; lastKnownFileType = sourcecode.c.h; path = "UIRefreshControl+AFNetworking.h"; sourceTree = "<group>"; };
		A2DADE6019A913FD0023AAE7 /* UIRefreshControl+AFNetworking.m */ = {isa = PBXFileReference; fileEncoding = 4; lastKnownFileType = sourcecode.c.objc; path = "UIRefreshControl+AFNetworking.m"; sourceTree = "<group>"; };
		A2DADE6119A913FD0023AAE7 /* UIWebView+AFNetworking.h */ = {isa = PBXFileReference; fileEncoding = 4; lastKnownFileType = sourcecode.c.h; path = "UIWebView+AFNetworking.h"; sourceTree = "<group>"; };
		A2DADE6219A913FD0023AAE7 /* UIWebView+AFNetworking.m */ = {isa = PBXFileReference; fileEncoding = 4; lastKnownFileType = sourcecode.c.objc; path = "UIWebView+AFNetworking.m"; sourceTree = "<group>"; };
		A2DADE7519A929180023AAE7 /* iTunesTableViewController.h */ = {isa = PBXFileReference; fileEncoding = 4; lastKnownFileType = sourcecode.c.h; path = iTunesTableViewController.h; sourceTree = "<group>"; };
		A2DADE7619A929180023AAE7 /* iTunesTableViewController.m */ = {isa = PBXFileReference; fileEncoding = 4; lastKnownFileType = sourcecode.c.objc; path = iTunesTableViewController.m; sourceTree = "<group>"; };
		A2DADE7719A929180023AAE7 /* iTunesTableViewController.xib */ = {isa = PBXFileReference; fileEncoding = 4; lastKnownFileType = file.xib; path = iTunesTableViewController.xib; sourceTree = "<group>"; };
/* End PBXFileReference section */

/* Begin PBXFrameworksBuildPhase section */
		A24CA5B919A51606006C52B7 /* Frameworks */ = {
			isa = PBXFrameworksBuildPhase;
			buildActionMask = 2147483647;
			files = (
				A24CA5C219A51606006C52B7 /* CoreGraphics.framework in Frameworks */,
				A24CA5C419A51606006C52B7 /* UIKit.framework in Frameworks */,
				A24CA5C019A51606006C52B7 /* Foundation.framework in Frameworks */,
			);
			runOnlyForDeploymentPostprocessing = 0;
		};
		A24CA5D419A51606006C52B7 /* Frameworks */ = {
			isa = PBXFrameworksBuildPhase;
			buildActionMask = 2147483647;
			files = (
				A24CA5D919A51606006C52B7 /* XCTest.framework in Frameworks */,
				A24CA5DB19A51606006C52B7 /* UIKit.framework in Frameworks */,
				A24CA5DA19A51606006C52B7 /* Foundation.framework in Frameworks */,
			);
			runOnlyForDeploymentPostprocessing = 0;
		};
/* End PBXFrameworksBuildPhase section */

/* Begin PBXGroup section */
		A24CA5B319A51606006C52B7 = {
			isa = PBXGroup;
			children = (
				A24CA5C519A51606006C52B7 /* RSSFeediTunes */,
				A24CA5DE19A51606006C52B7 /* RSSFeediTunesTests */,
				A24CA5BE19A51606006C52B7 /* Frameworks */,
				A24CA5BD19A51606006C52B7 /* Products */,
			);
			sourceTree = "<group>";
		};
		A24CA5BD19A51606006C52B7 /* Products */ = {
			isa = PBXGroup;
			children = (
				A24CA5BC19A51606006C52B7 /* RSSFeediTunes.app */,
				A24CA5D719A51606006C52B7 /* RSSFeediTunesTests.xctest */,
			);
			name = Products;
			sourceTree = "<group>";
		};
		A24CA5BE19A51606006C52B7 /* Frameworks */ = {
			isa = PBXGroup;
			children = (
				A24CA5BF19A51606006C52B7 /* Foundation.framework */,
				A24CA5C119A51606006C52B7 /* CoreGraphics.framework */,
				A24CA5C319A51606006C52B7 /* UIKit.framework */,
				A24CA5D819A51606006C52B7 /* XCTest.framework */,
			);
			name = Frameworks;
			sourceTree = "<group>";
		};
		A24CA5C519A51606006C52B7 /* RSSFeediTunes */ = {
			isa = PBXGroup;
			children = (
				A2B1344319B91A7A006F64DA /* Images */,
				A2DADE3C19A913FD0023AAE7 /* AFNetworking */,
				A2DADE5119A913FD0023AAE7 /* UIKit+AFNetworking */,
				A24CA5CE19A51606006C52B7 /* AppDelegate.h */,
				A24CA5CF19A51606006C52B7 /* AppDelegate.m */,
				A24CA5D119A51606006C52B7 /* Images.xcassets */,
				A24CA5C619A51606006C52B7 /* Supporting Files */,
				A2DADE7519A929180023AAE7 /* iTunesTableViewController.h */,
				A2DADE7619A929180023AAE7 /* iTunesTableViewController.m */,
				A2DADE7719A929180023AAE7 /* iTunesTableViewController.xib */,
				A261146919B90A7E00A7EDFD /* FeedItem.h */,
				A261146A19B90A7E00A7EDFD /* FeedItem.m */,
			);
			path = RSSFeediTunes;
			sourceTree = "<group>";
		};
		A24CA5C619A51606006C52B7 /* Supporting Files */ = {
			isa = PBXGroup;
			children = (
				A24CA5C719A51606006C52B7 /* RSSFeediTunes-Info.plist */,
				A24CA5C819A51606006C52B7 /* InfoPlist.strings */,
				A24CA5CB19A51606006C52B7 /* main.m */,
				A24CA5CD19A51606006C52B7 /* RSSFeediTunes-Prefix.pch */,
			);
			name = "Supporting Files";
			sourceTree = "<group>";
		};
		A24CA5DE19A51606006C52B7 /* RSSFeediTunesTests */ = {
			isa = PBXGroup;
			children = (
				A24CA5E419A51606006C52B7 /* RSSFeediTunesTests.m */,
				A24CA5DF19A51606006C52B7 /* Supporting Files */,
			);
			path = RSSFeediTunesTests;
			sourceTree = "<group>";
		};
		A24CA5DF19A51606006C52B7 /* Supporting Files */ = {
			isa = PBXGroup;
			children = (
				A24CA5E019A51606006C52B7 /* RSSFeediTunesTests-Info.plist */,
				A24CA5E119A51606006C52B7 /* InfoPlist.strings */,
			);
			name = "Supporting Files";
			sourceTree = "<group>";
		};
		A2B1344319B91A7A006F64DA /* Images */ = {
			isa = PBXGroup;
			children = (
				A2B1344419B91A7A006F64DA /* blanksquare.jpg */,
			);
			path = Images;
			sourceTree = "<group>";
		};
		A2DADE3C19A913FD0023AAE7 /* AFNetworking */ = {
			isa = PBXGroup;
			children = (
				A2DADE3D19A913FD0023AAE7 /* AFHTTPRequestOperation.h */,
				A2DADE3E19A913FD0023AAE7 /* AFHTTPRequestOperation.m */,
				A2DADE3F19A913FD0023AAE7 /* AFHTTPRequestOperationManager.h */,
				A2DADE4019A913FD0023AAE7 /* AFHTTPRequestOperationManager.m */,
				A2DADE4119A913FD0023AAE7 /* AFHTTPSessionManager.h */,
				A2DADE4219A913FD0023AAE7 /* AFHTTPSessionManager.m */,
				A2DADE4319A913FD0023AAE7 /* AFNetworking.h */,
				A2DADE4419A913FD0023AAE7 /* AFNetworking.podspec */,
				A2DADE4519A913FD0023AAE7 /* AFNetworkReachabilityManager.h */,
				A2DADE4619A913FD0023AAE7 /* AFNetworkReachabilityManager.m */,
				A2DADE4719A913FD0023AAE7 /* AFSecurityPolicy.h */,
				A2DADE4819A913FD0023AAE7 /* AFSecurityPolicy.m */,
				A2DADE4919A913FD0023AAE7 /* AFURLConnectionOperation.h */,
				A2DADE4A19A913FD0023AAE7 /* AFURLConnectionOperation.m */,
				A2DADE4B19A913FD0023AAE7 /* AFURLRequestSerialization.h */,
				A2DADE4C19A913FD0023AAE7 /* AFURLRequestSerialization.m */,
				A2DADE4D19A913FD0023AAE7 /* AFURLResponseSerialization.h */,
				A2DADE4E19A913FD0023AAE7 /* AFURLResponseSerialization.m */,
				A2DADE4F19A913FD0023AAE7 /* AFURLSessionManager.h */,
				A2DADE5019A913FD0023AAE7 /* AFURLSessionManager.m */,
			);
			path = AFNetworking;
			sourceTree = "<group>";
		};
		A2DADE5119A913FD0023AAE7 /* UIKit+AFNetworking */ = {
			isa = PBXGroup;
			children = (
				A2DADE5219A913FD0023AAE7 /* AFNetworkActivityIndicatorManager.h */,
				A2DADE5319A913FD0023AAE7 /* AFNetworkActivityIndicatorManager.m */,
				A2DADE5419A913FD0023AAE7 /* UIActivityIndicatorView+AFNetworking.h */,
				A2DADE5519A913FD0023AAE7 /* UIActivityIndicatorView+AFNetworking.m */,
				A2DADE5619A913FD0023AAE7 /* UIAlertView+AFNetworking.h */,
				A2DADE5719A913FD0023AAE7 /* UIAlertView+AFNetworking.m */,
				A2DADE5819A913FD0023AAE7 /* UIButton+AFNetworking.h */,
				A2DADE5919A913FD0023AAE7 /* UIButton+AFNetworking.m */,
				A2DADE5A19A913FD0023AAE7 /* UIImageView+AFNetworking.h */,
				A2DADE5B19A913FD0023AAE7 /* UIImageView+AFNetworking.m */,
				A2DADE5C19A913FD0023AAE7 /* UIKit+AFNetworking.h */,
				A2DADE5D19A913FD0023AAE7 /* UIProgressView+AFNetworking.h */,
				A2DADE5E19A913FD0023AAE7 /* UIProgressView+AFNetworking.m */,
				A2DADE5F19A913FD0023AAE7 /* UIRefreshControl+AFNetworking.h */,
				A2DADE6019A913FD0023AAE7 /* UIRefreshControl+AFNetworking.m */,
				A2DADE6119A913FD0023AAE7 /* UIWebView+AFNetworking.h */,
				A2DADE6219A913FD0023AAE7 /* UIWebView+AFNetworking.m */,
			);
			path = "UIKit+AFNetworking";
			sourceTree = "<group>";
		};
/* End PBXGroup section */

/* Begin PBXNativeTarget section */
		A24CA5BB19A51606006C52B7 /* RSSFeediTunes */ = {
			isa = PBXNativeTarget;
			buildConfigurationList = A24CA5E819A51606006C52B7 /* Build configuration list for PBXNativeTarget "RSSFeediTunes" */;
			buildPhases = (
				A24CA5B819A51606006C52B7 /* Sources */,
				A24CA5B919A51606006C52B7 /* Frameworks */,
				A24CA5BA19A51606006C52B7 /* Resources */,
			);
			buildRules = (
			);
			dependencies = (
			);
			name = RSSFeediTunes;
			productName = RSSFeediTunes;
			productReference = A24CA5BC19A51606006C52B7 /* RSSFeediTunes.app */;
			productType = "com.apple.product-type.application";
		};
		A24CA5D619A51606006C52B7 /* RSSFeediTunesTests */ = {
			isa = PBXNativeTarget;
			buildConfigurationList = A24CA5EB19A51606006C52B7 /* Build configuration list for PBXNativeTarget "RSSFeediTunesTests" */;
			buildPhases = (
				A24CA5D319A51606006C52B7 /* Sources */,
				A24CA5D419A51606006C52B7 /* Frameworks */,
				A24CA5D519A51606006C52B7 /* Resources */,
			);
			buildRules = (
			);
			dependencies = (
				A24CA5DD19A51606006C52B7 /* PBXTargetDependency */,
			);
			name = RSSFeediTunesTests;
			productName = RSSFeediTunesTests;
			productReference = A24CA5D719A51606006C52B7 /* RSSFeediTunesTests.xctest */;
			productType = "com.apple.product-type.bundle.unit-test";
		};
/* End PBXNativeTarget section */

/* Begin PBXProject section */
		A24CA5B419A51606006C52B7 /* Project object */ = {
			isa = PBXProject;
			attributes = {
				LastUpgradeCheck = 0510;
				ORGANIZATIONNAME = "Zoe Malcolm";
				TargetAttributes = {
					A24CA5D619A51606006C52B7 = {
						TestTargetID = A24CA5BB19A51606006C52B7;
					};
				};
			};
			buildConfigurationList = A24CA5B719A51606006C52B7 /* Build configuration list for PBXProject "RSSFeediTunes" */;
			compatibilityVersion = "Xcode 3.2";
			developmentRegion = English;
			hasScannedForEncodings = 0;
			knownRegions = (
				en,
			);
			mainGroup = A24CA5B319A51606006C52B7;
			productRefGroup = A24CA5BD19A51606006C52B7 /* Products */;
			projectDirPath = "";
			projectRoot = "";
			targets = (
				A24CA5BB19A51606006C52B7 /* RSSFeediTunes */,
				A24CA5D619A51606006C52B7 /* RSSFeediTunesTests */,
			);
		};
/* End PBXProject section */

/* Begin PBXResourcesBuildPhase section */
		A24CA5BA19A51606006C52B7 /* Resources */ = {
			isa = PBXResourcesBuildPhase;
			buildActionMask = 2147483647;
			files = (
				A24CA5CA19A51606006C52B7 /* InfoPlist.strings in Resources */,
				A2DADE7919A929180023AAE7 /* iTunesTableViewController.xib in Resources */,
				A24CA5D219A51606006C52B7 /* Images.xcassets in Resources */,
				A2B1344519B91A7A006F64DA /* blanksquare.jpg in Resources */,
				A2DADE6619A913FD0023AAE7 /* AFNetworking.podspec in Resources */,
			);
			runOnlyForDeploymentPostprocessing = 0;
		};
		A24CA5D519A51606006C52B7 /* Resources */ = {
			isa = PBXResourcesBuildPhase;
			buildActionMask = 2147483647;
			files = (
				A24CA5E319A51606006C52B7 /* InfoPlist.strings in Resources */,
			);
			runOnlyForDeploymentPostprocessing = 0;
		};
/* End PBXResourcesBuildPhase section */

/* Begin PBXSourcesBuildPhase section */
		A24CA5B819A51606006C52B7 /* Sources */ = {
			isa = PBXSourcesBuildPhase;
			buildActionMask = 2147483647;
			files = (
				A2DADE6319A913FD0023AAE7 /* AFHTTPRequestOperation.m in Sources */,
				A2DADE7119A913FD0023AAE7 /* UIImageView+AFNetworking.m in Sources */,
				A24CA5D019A51606006C52B7 /* AppDelegate.m in Sources */,
				A261146B19B90A7E00A7EDFD /* FeedItem.m in Sources */,
				A2DADE6419A913FD0023AAE7 /* AFHTTPRequestOperationManager.m in Sources */,
				A2DADE7219A913FD0023AAE7 /* UIProgressView+AFNetworking.m in Sources */,
				A2DADE6719A913FD0023AAE7 /* AFNetworkReachabilityManager.m in Sources */,
				A2DADE6B19A913FD0023AAE7 /* AFURLResponseSerialization.m in Sources */,
				A2DADE6919A913FD0023AAE7 /* AFURLConnectionOperation.m in Sources */,
				A2DADE7019A913FD0023AAE7 /* UIButton+AFNetworking.m in Sources */,
				A2DADE6E19A913FD0023AAE7 /* UIActivityIndicatorView+AFNetworking.m in Sources */,
				A2DADE6819A913FD0023AAE7 /* AFSecurityPolicy.m in Sources */,
				A2DADE7819A929180023AAE7 /* iTunesTableViewController.m in Sources */,
				A2DADE7319A913FD0023AAE7 /* UIRefreshControl+AFNetworking.m in Sources */,
				A2DADE7419A913FD0023AAE7 /* UIWebView+AFNetworking.m in Sources */,
				A2DADE6519A913FD0023AAE7 /* AFHTTPSessionManager.m in Sources */,
				A2DADE6F19A913FD0023AAE7 /* UIAlertView+AFNetworking.m in Sources */,
				A2DADE6A19A913FD0023AAE7 /* AFURLRequestSerialization.m in Sources */,
				A2DADE6D19A913FD0023AAE7 /* AFNetworkActivityIndicatorManager.m in Sources */,
				A2DADE6C19A913FD0023AAE7 /* AFURLSessionManager.m in Sources */,
				A24CA5CC19A51606006C52B7 /* main.m in Sources */,
			);
			runOnlyForDeploymentPostprocessing = 0;
		};
		A24CA5D319A51606006C52B7 /* Sources */ = {
			isa = PBXSourcesBuildPhase;
			buildActionMask = 2147483647;
			files = (
				A24CA5E519A51606006C52B7 /* RSSFeediTunesTests.m in Sources */,
			);
			runOnlyForDeploymentPostprocessing = 0;
		};
/* End PBXSourcesBuildPhase section */

/* Begin PBXTargetDependency section */
		A24CA5DD19A51606006C52B7 /* PBXTargetDependency */ = {
			isa = PBXTargetDependency;
			target = A24CA5BB19A51606006C52B7 /* RSSFeediTunes */;
			targetProxy = A24CA5DC19A51606006C52B7 /* PBXContainerItemProxy */;
		};
/* End PBXTargetDependency section */

/* Begin PBXVariantGroup section */
		A24CA5C819A51606006C52B7 /* InfoPlist.strings */ = {
			isa = PBXVariantGroup;
			children = (
				A24CA5C919A51606006C52B7 /* en */,
			);
			name = InfoPlist.strings;
			sourceTree = "<group>";
		};
		A24CA5E119A51606006C52B7 /* InfoPlist.strings */ = {
			isa = PBXVariantGroup;
			children = (
				A24CA5E219A51606006C52B7 /* en */,
			);
			name = InfoPlist.strings;
			sourceTree = "<group>";
		};
/* End PBXVariantGroup section */

/* Begin XCBuildConfiguration section */
		A24CA5E619A51606006C52B7 /* Debug */ = {
			isa = XCBuildConfiguration;
			buildSettings = {
				ALWAYS_SEARCH_USER_PATHS = NO;
				CLANG_CXX_LANGUAGE_STANDARD = "gnu++0x";
				CLANG_CXX_LIBRARY = "libc++";
				CLANG_ENABLE_MODULES = YES;
				CLANG_ENABLE_OBJC_ARC = YES;
				CLANG_WARN_BOOL_CONVERSION = YES;
				CLANG_WARN_CONSTANT_CONVERSION = YES;
				CLANG_WARN_DIRECT_OBJC_ISA_USAGE = YES_ERROR;
				CLANG_WARN_EMPTY_BODY = YES;
				CLANG_WARN_ENUM_CONVERSION = YES;
				CLANG_WARN_INT_CONVERSION = YES;
				CLANG_WARN_OBJC_ROOT_CLASS = YES_ERROR;
				CLANG_WARN__DUPLICATE_METHOD_MATCH = YES;
				"CODE_SIGN_IDENTITY[sdk=iphoneos*]" = "iPhone Developer";
				COPY_PHASE_STRIP = NO;
				GCC_C_LANGUAGE_STANDARD = gnu99;
				GCC_DYNAMIC_NO_PIC = NO;
				GCC_OPTIMIZATION_LEVEL = 0;
				GCC_PREPROCESSOR_DEFINITIONS = (
					"DEBUG=1",
					"$(inherited)",
				);
				GCC_SYMBOLS_PRIVATE_EXTERN = NO;
				GCC_WARN_64_TO_32_BIT_CONVERSION = YES;
				GCC_WARN_ABOUT_RETURN_TYPE = YES_ERROR;
				GCC_WARN_UNDECLARED_SELECTOR = YES;
				GCC_WARN_UNINITIALIZED_AUTOS = YES_AGGRESSIVE;
				GCC_WARN_UNUSED_FUNCTION = YES;
				GCC_WARN_UNUSED_VARIABLE = YES;
				IPHONEOS_DEPLOYMENT_TARGET = 7.1;
				ONLY_ACTIVE_ARCH = YES;
				SDKROOT = iphoneos;
			};
			name = Debug;
		};
		A24CA5E719A51606006C52B7 /* Release */ = {
			isa = XCBuildConfiguration;
			buildSettings = {
				ALWAYS_SEARCH_USER_PATHS = NO;
				CLANG_CXX_LANGUAGE_STANDARD = "gnu++0x";
				CLANG_CXX_LIBRARY = "libc++";
				CLANG_ENABLE_MODULES = YES;
				CLANG_ENABLE_OBJC_ARC = YES;
				CLANG_WARN_BOOL_CONVERSION = YES;
				CLANG_WARN_CONSTANT_CONVERSION = YES;
				CLANG_WARN_DIRECT_OBJC_ISA_USAGE = YES_ERROR;
				CLANG_WARN_EMPTY_BODY = YES;
				CLANG_WARN_ENUM_CONVERSION = YES;
				CLANG_WARN_INT_CONVERSION = YES;
				CLANG_WARN_OBJC_ROOT_CLASS = YES_ERROR;
				CLANG_WARN__DUPLICATE_METHOD_MATCH = YES;
				"CODE_SIGN_IDENTITY[sdk=iphoneos*]" = "iPhone Developer";
				COPY_PHASE_STRIP = YES;
				ENABLE_NS_ASSERTIONS = NO;
				GCC_C_LANGUAGE_STANDARD = gnu99;
				GCC_WARN_64_TO_32_BIT_CONVERSION = YES;
				GCC_WARN_ABOUT_RETURN_TYPE = YES_ERROR;
				GCC_WARN_UNDECLARED_SELECTOR = YES;
				GCC_WARN_UNINITIALIZED_AUTOS = YES_AGGRESSIVE;
				GCC_WARN_UNUSED_FUNCTION = YES;
				GCC_WARN_UNUSED_VARIABLE = YES;
				IPHONEOS_DEPLOYMENT_TARGET = 7.1;
				SDKROOT = iphoneos;
				VALIDATE_PRODUCT = YES;
			};
			name = Release;
		};
		A24CA5E919A51606006C52B7 /* Debug */ = {
			isa = XCBuildConfiguration;
			buildSettings = {
				ASSETCATALOG_COMPILER_APPICON_NAME = AppIcon;
				ASSETCATALOG_COMPILER_LAUNCHIMAGE_NAME = LaunchImage;
				GCC_PRECOMPILE_PREFIX_HEADER = YES;
				GCC_PREFIX_HEADER = "RSSFeediTunes/RSSFeediTunes-Prefix.pch";
				INFOPLIST_FILE = "RSSFeediTunes/RSSFeediTunes-Info.plist";
				PRODUCT_NAME = "$(TARGET_NAME)";
				WRAPPER_EXTENSION = app;
			};
			name = Debug;
		};
		A24CA5EA19A51606006C52B7 /* Release */ = {
			isa = XCBuildConfiguration;
			buildSettings = {
				ASSETCATALOG_COMPILER_APPICON_NAME = AppIcon;
				ASSETCATALOG_COMPILER_LAUNCHIMAGE_NAME = LaunchImage;
				GCC_PRECOMPILE_PREFIX_HEADER = YES;
				GCC_PREFIX_HEADER = "RSSFeediTunes/RSSFeediTunes-Prefix.pch";
				INFOPLIST_FILE = "RSSFeediTunes/RSSFeediTunes-Info.plist";
				PRODUCT_NAME = "$(TARGET_NAME)";
				WRAPPER_EXTENSION = app;
			};
			name = Release;
		};
		A24CA5EC19A51606006C52B7 /* Debug */ = {
			isa = XCBuildConfiguration;
			buildSettings = {
				BUNDLE_LOADER = "$(BUILT_PRODUCTS_DIR)/RSSFeediTunes.app/RSSFeediTunes";
				FRAMEWORK_SEARCH_PATHS = (
					"$(SDKROOT)/Developer/Library/Frameworks",
					"$(inherited)",
					"$(DEVELOPER_FRAMEWORKS_DIR)",
				);
				GCC_PRECOMPILE_PREFIX_HEADER = YES;
				GCC_PREFIX_HEADER = "RSSFeediTunes/RSSFeediTunes-Prefix.pch";
				GCC_PREPROCESSOR_DEFINITIONS = (
					"DEBUG=1",
					"$(inherited)",
				);
				INFOPLIST_FILE = "RSSFeediTunesTests/RSSFeediTunesTests-Info.plist";
				PRODUCT_NAME = "$(TARGET_NAME)";
				TEST_HOST = "$(BUNDLE_LOADER)";
				WRAPPER_EXTENSION = xctest;
			};
			name = Debug;
		};
		A24CA5ED19A51606006C52B7 /* Release */ = {
			isa = XCBuildConfiguration;
			buildSettings = {
				BUNDLE_LOADER = "$(BUILT_PRODUCTS_DIR)/RSSFeediTunes.app/RSSFeediTunes";
				FRAMEWORK_SEARCH_PATHS = (
					"$(SDKROOT)/Developer/Library/Frameworks",
					"$(inherited)",
					"$(DEVELOPER_FRAMEWORKS_DIR)",
				);
				GCC_PRECOMPILE_PREFIX_HEADER = YES;
				GCC_PREFIX_HEADER = "RSSFeediTunes/RSSFeediTunes-Prefix.pch";
				INFOPLIST_FILE = "RSSFeediTunesTests/RSSFeediTunesTests-Info.plist";
				PRODUCT_NAME = "$(TARGET_NAME)";
				TEST_HOST = "$(BUNDLE_LOADER)";
				WRAPPER_EXTENSION = xctest;
			};
			name = Release;
		};
/* End XCBuildConfiguration section */

/* Begin XCConfigurationList section */
		A24CA5B719A51606006C52B7 /* Build configuration list for PBXProject "RSSFeediTunes" */ = {
			isa = XCConfigurationList;
			buildConfigurations = (
				A24CA5E619A51606006C52B7 /* Debug */,
				A24CA5E719A51606006C52B7 /* Release */,
			);
			defaultConfigurationIsVisible = 0;
			defaultConfigurationName = Release;
		};
		A24CA5E819A51606006C52B7 /* Build configuration list for PBXNativeTarget "RSSFeediTunes" */ = {
			isa = XCConfigurationList;
			buildConfigurations = (
				A24CA5E919A51606006C52B7 /* Debug */,
				A24CA5EA19A51606006C52B7 /* Release */,
			);
			defaultConfigurationIsVisible = 0;
			defaultConfigurationName = Release;
		};
		A24CA5EB19A51606006C52B7 /* Build configuration list for PBXNativeTarget "RSSFeediTunesTests" */ = {
			isa = XCConfigurationList;
			buildConfigurations = (
				A24CA5EC19A51606006C52B7 /* Debug */,
				A24CA5ED19A51606006C52B7 /* Release */,
			);
			defaultConfigurationIsVisible = 0;
			defaultConfigurationName = Release;
		};
/* End XCConfigurationList section */
	};
	rootObject = A24CA5B419A51606006C52B7 /* Project object */;
}
